
Microsoft Visual Studio Solution File, Format Version 12.00
# Visual Studio Version 16
VisualStudioVersion = 25.0.1704.0
MinimumVisualStudioVersion = 10.0.40219.1
Project("{FAE04EC0-301F-11D3-BF4B-00C04F79EFBC}") = "DesafioDotNET", "DesafioDotNET.csproj", "{FFEEA4ED-1C79-41F3-BA4B-367CC5813700}"
EndProject
Global
	GlobalSection(SolutionConfigurationPlatforms) = preSolution
		Debug|Any CPU = Debug|Any CPU
		Release|Any CPU = Release|Any CPU
	EndGlobalSection
	GlobalSection(ProjectConfigurationPlatforms) = postSolution
		{FFEEA4ED-1C79-41F3-BA4B-367CC5813700}.Debug|Any CPU.ActiveCfg = Debug|Any CPU
		{FFEEA4ED-1C79-41F3-BA4B-367CC5813700}.Debug|Any CPU.Build.0 = Debug|Any CPU
		{FFEEA4ED-1C79-41F3-BA4B-367CC5813700}.Release|Any CPU.ActiveCfg = Release|Any CPU
		{FFEEA4ED-1C79-41F3-BA4B-367CC5813700}.Release|Any CPU.Build.0 = Release|Any CPU
	EndGlobalSection
	GlobalSection(SolutionProperties) = preSolution
		HideSolutionNode = FALSE
	EndGlobalSection
	GlobalSection(ExtensibilityGlobals) = postSolution
		SolutionGuid = {E5590BDA-7524-45F2-AFDC-12CBDF5E4AD3}
	EndGlobalSection
EndGlobal
